// !$*UTF8*$!
{
	archiveVersion = 1;
	classes = {
	};
	objectVersion = 46;
	objects = {

/* Begin PBXBuildFile section */
		31265AC71E7A110A000B1E0B /* Source+CoreDataClass.swift in Sources */ = {isa = PBXBuildFile; fileRef = 31265AC31E7A110A000B1E0B /* Source+CoreDataClass.swift */; };
		31265AC81E7A110A000B1E0B /* Source+CoreDataProperties.swift in Sources */ = {isa = PBXBuildFile; fileRef = 31265AC41E7A110A000B1E0B /* Source+CoreDataProperties.swift */; };
		31265AC91E7A110A000B1E0B /* Article+CoreDataClass.swift in Sources */ = {isa = PBXBuildFile; fileRef = 31265AC51E7A110A000B1E0B /* Article+CoreDataClass.swift */; };
		31265ACA1E7A110A000B1E0B /* Article+CoreDataProperties.swift in Sources */ = {isa = PBXBuildFile; fileRef = 31265AC61E7A110A000B1E0B /* Article+CoreDataProperties.swift */; };
		31265ACC1E7A12A6000B1E0B /* SourceCollectionViewCell.swift in Sources */ = {isa = PBXBuildFile; fileRef = 31265ACB1E7A12A6000B1E0B /* SourceCollectionViewCell.swift */; };
		31265ACE1E7A12C4000B1E0B /* SourceViewController.swift in Sources */ = {isa = PBXBuildFile; fileRef = 31265ACD1E7A12C4000B1E0B /* SourceViewController.swift */; };
		31265AD01E7A1484000B1E0B /* GCD.swift in Sources */ = {isa = PBXBuildFile; fileRef = 31265ACF1E7A1484000B1E0B /* GCD.swift */; };
		31265AD21E7A149E000B1E0B /* Alert.swift in Sources */ = {isa = PBXBuildFile; fileRef = 31265AD11E7A149E000B1E0B /* Alert.swift */; };
		31265AD61E7A1519000B1E0B /* Constants.swift in Sources */ = {isa = PBXBuildFile; fileRef = 31265AD51E7A1519000B1E0B /* Constants.swift */; };
		31265AD81E7A1782000B1E0B /* SourceClient.swift in Sources */ = {isa = PBXBuildFile; fileRef = 31265AD71E7A1782000B1E0B /* SourceClient.swift */; };
		316126AF1E79FEF200D8A3FC /* AppDelegate.swift in Sources */ = {isa = PBXBuildFile; fileRef = 316126AE1E79FEF200D8A3FC /* AppDelegate.swift */; };
		316126B41E79FEF200D8A3FC /* Main.storyboard in Resources */ = {isa = PBXBuildFile; fileRef = 316126B21E79FEF200D8A3FC /* Main.storyboard */; };
		316126B71E79FEF200D8A3FC /* snippet.xcdatamodeld in Sources */ = {isa = PBXBuildFile; fileRef = 316126B51E79FEF200D8A3FC /* snippet.xcdatamodeld */; };
		316126B91E79FEF200D8A3FC /* Assets.xcassets in Resources */ = {isa = PBXBuildFile; fileRef = 316126B81E79FEF200D8A3FC /* Assets.xcassets */; };
		316126BC1E79FEF200D8A3FC /* LaunchScreen.storyboard in Resources */ = {isa = PBXBuildFile; fileRef = 316126BA1E79FEF200D8A3FC /* LaunchScreen.storyboard */; };
/* End PBXBuildFile section */

/* Begin PBXFileReference section */
		31265AC31E7A110A000B1E0B /* Source+CoreDataClass.swift */ = {isa = PBXFileReference; fileEncoding = 4; lastKnownFileType = sourcecode.swift; path = "Source+CoreDataClass.swift"; sourceTree = "<group>"; };
		31265AC41E7A110A000B1E0B /* Source+CoreDataProperties.swift */ = {isa = PBXFileReference; fileEncoding = 4; lastKnownFileType = sourcecode.swift; path = "Source+CoreDataProperties.swift"; sourceTree = "<group>"; };
		31265AC51E7A110A000B1E0B /* Article+CoreDataClass.swift */ = {isa = PBXFileReference; fileEncoding = 4; lastKnownFileType = sourcecode.swift; path = "Article+CoreDataClass.swift"; sourceTree = "<group>"; };
		31265AC61E7A110A000B1E0B /* Article+CoreDataProperties.swift */ = {isa = PBXFileReference; fileEncoding = 4; lastKnownFileType = sourcecode.swift; path = "Article+CoreDataProperties.swift"; sourceTree = "<group>"; };
		31265ACB1E7A12A6000B1E0B /* SourceCollectionViewCell.swift */ = {isa = PBXFileReference; fileEncoding = 4; lastKnownFileType = sourcecode.swift; path = SourceCollectionViewCell.swift; sourceTree = "<group>"; };
		31265ACD1E7A12C4000B1E0B /* SourceViewController.swift */ = {isa = PBXFileReference; fileEncoding = 4; lastKnownFileType = sourcecode.swift; path = SourceViewController.swift; sourceTree = "<group>"; };
		31265ACF1E7A1484000B1E0B /* GCD.swift */ = {isa = PBXFileReference; fileEncoding = 4; lastKnownFileType = sourcecode.swift; path = GCD.swift; sourceTree = "<group>"; };
		31265AD11E7A149E000B1E0B /* Alert.swift */ = {isa = PBXFileReference; fileEncoding = 4; lastKnownFileType = sourcecode.swift; path = Alert.swift; sourceTree = "<group>"; };
		31265AD51E7A1519000B1E0B /* Constants.swift */ = {isa = PBXFileReference; fileEncoding = 4; lastKnownFileType = sourcecode.swift; path = Constants.swift; sourceTree = "<group>"; };
		31265AD71E7A1782000B1E0B /* SourceClient.swift */ = {isa = PBXFileReference; fileEncoding = 4; lastKnownFileType = sourcecode.swift; path = SourceClient.swift; sourceTree = "<group>"; };
		316126AB1E79FEF200D8A3FC /* snippet.app */ = {isa = PBXFileReference; explicitFileType = wrapper.application; includeInIndex = 0; path = snippet.app; sourceTree = BUILT_PRODUCTS_DIR; };
		316126AE1E79FEF200D8A3FC /* AppDelegate.swift */ = {isa = PBXFileReference; lastKnownFileType = sourcecode.swift; path = AppDelegate.swift; sourceTree = "<group>"; };
		316126B31E79FEF200D8A3FC /* Base */ = {isa = PBXFileReference; lastKnownFileType = file.storyboard; name = Base; path = Base.lproj/Main.storyboard; sourceTree = "<group>"; };
		316126B61E79FEF200D8A3FC /* snippet.xcdatamodel */ = {isa = PBXFileReference; lastKnownFileType = wrapper.xcdatamodel; path = snippet.xcdatamodel; sourceTree = "<group>"; };
		316126B81E79FEF200D8A3FC /* Assets.xcassets */ = {isa = PBXFileReference; lastKnownFileType = folder.assetcatalog; path = Assets.xcassets; sourceTree = "<group>"; };
		316126BB1E79FEF200D8A3FC /* Base */ = {isa = PBXFileReference; lastKnownFileType = file.storyboard; name = Base; path = Base.lproj/LaunchScreen.storyboard; sourceTree = "<group>"; };
		316126BD1E79FEF200D8A3FC /* Info.plist */ = {isa = PBXFileReference; lastKnownFileType = text.plist.xml; path = Info.plist; sourceTree = "<group>"; };
/* End PBXFileReference section */

/* Begin PBXFrameworksBuildPhase section */
		316126A81E79FEF200D8A3FC /* Frameworks */ = {
			isa = PBXFrameworksBuildPhase;
			buildActionMask = 2147483647;
			files = (
			);
			runOnlyForDeploymentPostprocessing = 0;
		};
/* End PBXFrameworksBuildPhase section */

/* Begin PBXGroup section */
		31265AD31E7A1500000B1E0B /* Client */ = {
			isa = PBXGroup;
			children = (
				31265AD41E7A1509000B1E0B /* Source */,
			);
			name = Client;
			sourceTree = "<group>";
		};
		31265AD41E7A1509000B1E0B /* Source */ = {
			isa = PBXGroup;
			children = (
				31265AD51E7A1519000B1E0B /* Constants.swift */,
				31265AD71E7A1782000B1E0B /* SourceClient.swift */,
			);
			name = Source;
			sourceTree = "<group>";
		};
		316126A21E79FEF200D8A3FC = {
			isa = PBXGroup;
			children = (
				316126AD1E79FEF200D8A3FC /* snippet */,
				316126AC1E79FEF200D8A3FC /* Products */,
			);
			sourceTree = "<group>";
		};
		316126AC1E79FEF200D8A3FC /* Products */ = {
			isa = PBXGroup;
			children = (
				316126AB1E79FEF200D8A3FC /* snippet.app */,
			);
			name = Products;
			sourceTree = "<group>";
		};
		316126AD1E79FEF200D8A3FC /* snippet */ = {
			isa = PBXGroup;
			children = (
				316126C51E79FF0E00D8A3FC /* Controller */,
				316126C41E79FF0A00D8A3FC /* View */,
				316126C31E79FF0100D8A3FC /* Model */,
				316126AE1E79FEF200D8A3FC /* AppDelegate.swift */,
				316126B81E79FEF200D8A3FC /* Assets.xcassets */,
				316126BA1E79FEF200D8A3FC /* LaunchScreen.storyboard */,
				316126BD1E79FEF200D8A3FC /* Info.plist */,
				316126B51E79FEF200D8A3FC /* snippet.xcdatamodeld */,
				31265ACF1E7A1484000B1E0B /* GCD.swift */,
				31265AD11E7A149E000B1E0B /* Alert.swift */,
			);
			path = snippet;
			sourceTree = "<group>";
		};
		316126C31E79FF0100D8A3FC /* Model */ = {
			isa = PBXGroup;
			children = (
				31265AD31E7A1500000B1E0B /* Client */,
				31265AC31E7A110A000B1E0B /* Source+CoreDataClass.swift */,
				31265AC41E7A110A000B1E0B /* Source+CoreDataProperties.swift */,
				31265AC51E7A110A000B1E0B /* Article+CoreDataClass.swift */,
				31265AC61E7A110A000B1E0B /* Article+CoreDataProperties.swift */,
			);
			name = Model;
			sourceTree = "<group>";
		};
		316126C41E79FF0A00D8A3FC /* View */ = {
			isa = PBXGroup;
			children = (
				316126B21E79FEF200D8A3FC /* Main.storyboard */,
				31265ACB1E7A12A6000B1E0B /* SourceCollectionViewCell.swift */,
			);
			name = View;
			sourceTree = "<group>";
		};
		316126C51E79FF0E00D8A3FC /* Controller */ = {
			isa = PBXGroup;
			children = (
				31265ACD1E7A12C4000B1E0B /* SourceViewController.swift */,
			);
			name = Controller;
			sourceTree = "<group>";
		};
/* End PBXGroup section */

/* Begin PBXNativeTarget section */
		316126AA1E79FEF200D8A3FC /* snippet */ = {
			isa = PBXNativeTarget;
			buildConfigurationList = 316126C01E79FEF200D8A3FC /* Build configuration list for PBXNativeTarget "snippet" */;
			buildPhases = (
				316126A71E79FEF200D8A3FC /* Sources */,
				316126A81E79FEF200D8A3FC /* Frameworks */,
				316126A91E79FEF200D8A3FC /* Resources */,
			);
			buildRules = (
			);
			dependencies = (
			);
			name = snippet;
			productName = snippet;
			productReference = 316126AB1E79FEF200D8A3FC /* snippet.app */;
			productType = "com.apple.product-type.application";
		};
/* End PBXNativeTarget section */

/* Begin PBXProject section */
		316126A31E79FEF200D8A3FC /* Project object */ = {
			isa = PBXProject;
			attributes = {
				LastSwiftUpdateCheck = 0820;
				LastUpgradeCheck = 0820;
				ORGANIZATIONNAME = "Dandre Ealy";
				TargetAttributes = {
					316126AA1E79FEF200D8A3FC = {
						CreatedOnToolsVersion = 8.2.1;
						DevelopmentTeam = JC2MFJ36MH;
						ProvisioningStyle = Automatic;
					};
				};
			};
			buildConfigurationList = 316126A61E79FEF200D8A3FC /* Build configuration list for PBXProject "snippet" */;
			compatibilityVersion = "Xcode 3.2";
			developmentRegion = English;
			hasScannedForEncodings = 0;
			knownRegions = (
				en,
				Base,
			);
			mainGroup = 316126A21E79FEF200D8A3FC;
			productRefGroup = 316126AC1E79FEF200D8A3FC /* Products */;
			projectDirPath = "";
			projectRoot = "";
			targets = (
				316126AA1E79FEF200D8A3FC /* snippet */,
			);
		};
/* End PBXProject section */

/* Begin PBXResourcesBuildPhase section */
		316126A91E79FEF200D8A3FC /* Resources */ = {
			isa = PBXResourcesBuildPhase;
			buildActionMask = 2147483647;
			files = (
				316126BC1E79FEF200D8A3FC /* LaunchScreen.storyboard in Resources */,
				316126B91E79FEF200D8A3FC /* Assets.xcassets in Resources */,
				316126B41E79FEF200D8A3FC /* Main.storyboard in Resources */,
			);
			runOnlyForDeploymentPostprocessing = 0;
		};
/* End PBXResourcesBuildPhase section */

/* Begin PBXSourcesBuildPhase section */
		316126A71E79FEF200D8A3FC /* Sources */ = {
			isa = PBXSourcesBuildPhase;
			buildActionMask = 2147483647;
			files = (
				316126AF1E79FEF200D8A3FC /* AppDelegate.swift in Sources */,
				31265AD61E7A1519000B1E0B /* Constants.swift in Sources */,
				316126B71E79FEF200D8A3FC /* snippet.xcdatamodeld in Sources */,
				31265ACA1E7A110A000B1E0B /* Article+CoreDataProperties.swift in Sources */,
				31265AC91E7A110A000B1E0B /* Article+CoreDataClass.swift in Sources */,
				31265ACC1E7A12A6000B1E0B /* SourceCollectionViewCell.swift in Sources */,
				31265ACE1E7A12C4000B1E0B /* SourceViewController.swift in Sources */,
				31265AD01E7A1484000B1E0B /* GCD.swift in Sources */,
				31265AC81E7A110A000B1E0B /* Source+CoreDataProperties.swift in Sources */,
				31265AD81E7A1782000B1E0B /* SourceClient.swift in Sources */,
				31265AD21E7A149E000B1E0B /* Alert.swift in Sources */,
				31265AC71E7A110A000B1E0B /* Source+CoreDataClass.swift in Sources */,
			);
			runOnlyForDeploymentPostprocessing = 0;
		};
/* End PBXSourcesBuildPhase section */

/* Begin PBXVariantGroup section */
		316126B21E79FEF200D8A3FC /* Main.storyboard */ = {
			isa = PBXVariantGroup;
			children = (
				316126B31E79FEF200D8A3FC /* Base */,
			);
			name = Main.storyboard;
			sourceTree = "<group>";
		};
		316126BA1E79FEF200D8A3FC /* LaunchScreen.storyboard */ = {
			isa = PBXVariantGroup;
			children = (
				316126BB1E79FEF200D8A3FC /* Base */,
			);
			name = LaunchScreen.storyboard;
			sourceTree = "<group>";
		};
/* End PBXVariantGroup section */

/* Begin XCBuildConfiguration section */
		316126BE1E79FEF200D8A3FC /* Debug */ = {
			isa = XCBuildConfiguration;
			buildSettings = {
				ALWAYS_SEARCH_USER_PATHS = NO;
				CLANG_ANALYZER_NONNULL = YES;
				CLANG_CXX_LANGUAGE_STANDARD = "gnu++0x";
				CLANG_CXX_LIBRARY = "libc++";
				CLANG_ENABLE_MODULES = YES;
				CLANG_ENABLE_OBJC_ARC = YES;
				CLANG_WARN_BOOL_CONVERSION = YES;
				CLANG_WARN_CONSTANT_CONVERSION = YES;
				CLANG_WARN_DIRECT_OBJC_ISA_USAGE = YES_ERROR;
				CLANG_WARN_DOCUMENTATION_COMMENTS = YES;
				CLANG_WARN_EMPTY_BODY = YES;
				CLANG_WARN_ENUM_CONVERSION = YES;
				CLANG_WARN_INFINITE_RECURSION = YES;
				CLANG_WARN_INT_CONVERSION = YES;
				CLANG_WARN_OBJC_ROOT_CLASS = YES_ERROR;
				CLANG_WARN_SUSPICIOUS_MOVE = YES;
				CLANG_WARN_UNREACHABLE_CODE = YES;
				CLANG_WARN__DUPLICATE_METHOD_MATCH = YES;
				"CODE_SIGN_IDENTITY[sdk=iphoneos*]" = "iPhone Developer";
				COPY_PHASE_STRIP = NO;
				DEBUG_INFORMATION_FORMAT = dwarf;
				ENABLE_STRICT_OBJC_MSGSEND = YES;
				ENABLE_TESTABILITY = YES;
				GCC_C_LANGUAGE_STANDARD = gnu99;
				GCC_DYNAMIC_NO_PIC = NO;
				GCC_NO_COMMON_BLOCKS = YES;
				GCC_OPTIMIZATION_LEVEL = 0;
				GCC_PREPROCESSOR_DEFINITIONS = (
					"DEBUG=1",
					"$(inherited)",
				);
				GCC_WARN_64_TO_32_BIT_CONVERSION = YES;
				GCC_WARN_ABOUT_RETURN_TYPE = YES_ERROR;
				GCC_WARN_UNDECLARED_SELECTOR = YES;
				GCC_WARN_UNINITIALIZED_AUTOS = YES_AGGRESSIVE;
				GCC_WARN_UNUSED_FUNCTION = YES;
				GCC_WARN_UNUSED_VARIABLE = YES;
				IPHONEOS_DEPLOYMENT_TARGET = 10.2;
				MTL_ENABLE_DEBUG_INFO = YES;
				ONLY_ACTIVE_ARCH = YES;
				SDKROOT = iphoneos;
				SWIFT_ACTIVE_COMPILATION_CONDITIONS = DEBUG;
				SWIFT_OPTIMIZATION_LEVEL = "-Onone";
				TARGETED_DEVICE_FAMILY = "1,2";
			};
			name = Debug;
		};
		316126BF1E79FEF200D8A3FC /* Release */ = {
			isa = XCBuildConfiguration;
			buildSettings = {
				ALWAYS_SEARCH_USER_PATHS = NO;
				CLANG_ANALYZER_NONNULL = YES;
				CLANG_CXX_LANGUAGE_STANDARD = "gnu++0x";
				CLANG_CXX_LIBRARY = "libc++";
				CLANG_ENABLE_MODULES = YES;
				CLANG_ENABLE_OBJC_ARC = YES;
				CLANG_WARN_BOOL_CONVERSION = YES;
				CLANG_WARN_CONSTANT_CONVERSION = YES;
				CLANG_WARN_DIRECT_OBJC_ISA_USAGE = YES_ERROR;
				CLANG_WARN_DOCUMENTATION_COMMENTS = YES;
				CLANG_WARN_EMPTY_BODY = YES;
				CLANG_WARN_ENUM_CONVERSION = YES;
				CLANG_WARN_INFINITE_RECURSION = YES;
				CLANG_WARN_INT_CONVERSION = YES;
				CLANG_WARN_OBJC_ROOT_CLASS = YES_ERROR;
				CLANG_WARN_SUSPICIOUS_MOVE = YES;
				CLANG_WARN_UNREACHABLE_CODE = YES;
				CLANG_WARN__DUPLICATE_METHOD_MATCH = YES;
				"CODE_SIGN_IDENTITY[sdk=iphoneos*]" = "iPhone Developer";
				COPY_PHASE_STRIP = NO;
				DEBUG_INFORMATION_FORMAT = "dwarf-with-dsym";
				ENABLE_NS_ASSERTIONS = NO;
				ENABLE_STRICT_OBJC_MSGSEND = YES;
				GCC_C_LANGUAGE_STANDARD = gnu99;
				GCC_NO_COMMON_BLOCKS = YES;
				GCC_WARN_64_TO_32_BIT_CONVERSION = YES;
				GCC_WARN_ABOUT_RETURN_TYPE = YES_ERROR;
				GCC_WARN_UNDECLARED_SELECTOR = YES;
				GCC_WARN_UNINITIALIZED_AUTOS = YES_AGGRESSIVE;
				GCC_WARN_UNUSED_FUNCTION = YES;
				GCC_WARN_UNUSED_VARIABLE = YES;
				IPHONEOS_DEPLOYMENT_TARGET = 10.2;
				MTL_ENABLE_DEBUG_INFO = NO;
				SDKROOT = iphoneos;
				SWIFT_OPTIMIZATION_LEVEL = "-Owholemodule";
				TARGETED_DEVICE_FAMILY = "1,2";
				VALIDATE_PRODUCT = YES;
			};
			name = Release;
		};
		316126C11E79FEF200D8A3FC /* Debug */ = {
			isa = XCBuildConfiguration;
			buildSettings = {
				ASSETCATALOG_COMPILER_APPICON_NAME = AppIcon;
				DEVELOPMENT_TEAM = JC2MFJ36MH;
				INFOPLIST_FILE = snippet/Info.plist;
				LD_RUNPATH_SEARCH_PATHS = "$(inherited) @executable_path/Frameworks";
				PRODUCT_BUNDLE_IDENTIFIER = puricode.snippet;
				PRODUCT_NAME = "$(TARGET_NAME)";
				SWIFT_VERSION = 3.0;
			};
			name = Debug;
		};
		316126C21E79FEF200D8A3FC /* Release */ = {
			isa = XCBuildConfiguration;
			buildSettings = {
				ASSETCATALOG_COMPILER_APPICON_NAME = AppIcon;
				DEVELOPMENT_TEAM = JC2MFJ36MH;
				INFOPLIST_FILE = snippet/Info.plist;
				LD_RUNPATH_SEARCH_PATHS = "$(inherited) @executable_path/Frameworks";
				PRODUCT_BUNDLE_IDENTIFIER = puricode.snippet;
				PRODUCT_NAME = "$(TARGET_NAME)";
				SWIFT_VERSION = 3.0;
			};
			name = Release;
		};
/* End XCBuildConfiguration section */

/* Begin XCConfigurationList section */
		316126A61E79FEF200D8A3FC /* Build configuration list for PBXProject "snippet" */ = {
			isa = XCConfigurationList;
			buildConfigurations = (
				316126BE1E79FEF200D8A3FC /* Debug */,
				316126BF1E79FEF200D8A3FC /* Release */,
			);
			defaultConfigurationIsVisible = 0;
			defaultConfigurationName = Release;
		};
		316126C01E79FEF200D8A3FC /* Build configuration list for PBXNativeTarget "snippet" */ = {
			isa = XCConfigurationList;
			buildConfigurations = (
				316126C11E79FEF200D8A3FC /* Debug */,
				316126C21E79FEF200D8A3FC /* Release */,
			);
			defaultConfigurationIsVisible = 0;
			defaultConfigurationName = Release;
		};
/* End XCConfigurationList section */

/* Begin XCVersionGroup section */
		316126B51E79FEF200D8A3FC /* snippet.xcdatamodeld */ = {
			isa = XCVersionGroup;
			children = (
				316126B61E79FEF200D8A3FC /* snippet.xcdatamodel */,
			);
			currentVersion = 316126B61E79FEF200D8A3FC /* snippet.xcdatamodel */;
			path = snippet.xcdatamodeld;
			sourceTree = "<group>";
			versionGroupType = wrapper.xcdatamodel;
		};
/* End XCVersionGroup section */
	};
	rootObject = 316126A31E79FEF200D8A3FC /* Project object */;
}
